github.com/davecgh/go-spew v1.1.2-0.20180830191138-d8f796af33cc h1:U9qPSI2PIWSS1VwoXQT9A3Wy9MM3WgvqSxFWenqJduM=
github.com/ohler55/ojg v1.25.0 h1:sDwc4u4zex65Uz5Nm7O1QwDKTT+YRcpeZQTy1pffRkw=
github.com/ohler55/ojg v1.25.0/go.mod h1:gQhDVpQLqrmnd2eqGAvJtn+NfKoYJbe/A4Sj3/Vro4o=
github.com/pmezard/go-difflib v1.0.1-0.20181226105442-5d4384ee4fb2 h1:Jamvg5psRIccs7FGNTlIRMkT8wgtp5eCXdBlqhYGL6U=
github.com/stretchr/testify v1.11.1 h1:7s2iGBzp5EwR7/aIZr8ao5+dra3wiQyKjjFuvgVKu7U=
gopkg.in/yaml.v3 v3.0.1 h1:fxVm/GzAzEWqLHuvctI91KS9hhNmmWOoWu0XTYJS7CA=
